
Microsoft Visual Studio Solution File, Format Version 12.00
# Visual Studio Version 16
VisualStudioVersion = 16.0.31005.135
MinimumVisualStudioVersion = 10.0.40219.1
Project("{FAE04EC0-301F-11D3-BF4B-00C04F79EFBC}") = "02_26", "02_26\02_26.csproj", "{C258A689-4FF1-441A-8CE5-C788516D6335}"
EndProject
Global
	GlobalSection(SolutionConfigurationPlatforms) = preSolution
		Debug|Any CPU = Debug|Any CPU
		Release|Any CPU = Release|Any CPU
	EndGlobalSection
	GlobalSection(ProjectConfigurationPlatforms) = postSolution
		{C258A689-4FF1-441A-8CE5-C788516D6335}.Debug|Any CPU.ActiveCfg = Debug|Any CPU
		{C258A689-4FF1-441A-8CE5-C788516D6335}.Debug|Any CPU.Build.0 = Debug|Any CPU
		{C258A689-4FF1-441A-8CE5-C788516D6335}.Release|Any CPU.ActiveCfg = Release|Any CPU
		{C258A689-4FF1-441A-8CE5-C788516D6335}.Release|Any CPU.Build.0 = Release|Any CPU
	EndGlobalSection
	GlobalSection(SolutionProperties) = preSolution
		HideSolutionNode = FALSE
	EndGlobalSection
	GlobalSection(ExtensibilityGlobals) = postSolution
		SolutionGuid = {7368D400-FA5C-4E07-878D-218173FC1641}
	EndGlobalSection
EndGlobal
