
Microsoft Visual Studio Solution File, Format Version 12.00
# Visual Studio Version 16
VisualStudioVersion = 16.0.31005.135
MinimumVisualStudioVersion = 10.0.40219.1
Project("{FAE04EC0-301F-11D3-BF4B-00C04F79EFBC}") = "03_05", "03_05\03_05.csproj", "{DAB40A94-AAFA-4154-98A6-6C23C592384A}"
EndProject
Global
	GlobalSection(SolutionConfigurationPlatforms) = preSolution
		Debug|Any CPU = Debug|Any CPU
		Release|Any CPU = Release|Any CPU
	EndGlobalSection
	GlobalSection(ProjectConfigurationPlatforms) = postSolution
		{DAB40A94-AAFA-4154-98A6-6C23C592384A}.Debug|Any CPU.ActiveCfg = Debug|Any CPU
		{DAB40A94-AAFA-4154-98A6-6C23C592384A}.Debug|Any CPU.Build.0 = Debug|Any CPU
		{DAB40A94-AAFA-4154-98A6-6C23C592384A}.Release|Any CPU.ActiveCfg = Release|Any CPU
		{DAB40A94-AAFA-4154-98A6-6C23C592384A}.Release|Any CPU.Build.0 = Release|Any CPU
	EndGlobalSection
	GlobalSection(SolutionProperties) = preSolution
		HideSolutionNode = FALSE
	EndGlobalSection
	GlobalSection(ExtensibilityGlobals) = postSolution
		SolutionGuid = {FD8774A0-2A6C-4072-BDBB-0E92119009AD}
	EndGlobalSection
EndGlobal
