
Microsoft Visual Studio Solution File, Format Version 12.00
# Visual Studio Version 16
VisualStudioVersion = 16.0.29926.136
MinimumVisualStudioVersion = 10.0.40219.1
Project("{00D1A9C2-B5F0-4AF3-8072-F6C62B433612}") = "Teste", "Teste\Teste.sqlproj", "{E5C1AC3E-2972-4FF2-A1B3-70C689AC374B}"
EndProject
Global
	GlobalSection(SolutionConfigurationPlatforms) = preSolution
		Debug|Any CPU = Debug|Any CPU
		Release|Any CPU = Release|Any CPU
	EndGlobalSection
	GlobalSection(ProjectConfigurationPlatforms) = postSolution
		{E5C1AC3E-2972-4FF2-A1B3-70C689AC374B}.Debug|Any CPU.ActiveCfg = Debug|Any CPU
		{E5C1AC3E-2972-4FF2-A1B3-70C689AC374B}.Debug|Any CPU.Build.0 = Debug|Any CPU
		{E5C1AC3E-2972-4FF2-A1B3-70C689AC374B}.Debug|Any CPU.Deploy.0 = Debug|Any CPU
		{E5C1AC3E-2972-4FF2-A1B3-70C689AC374B}.Release|Any CPU.ActiveCfg = Release|Any CPU
		{E5C1AC3E-2972-4FF2-A1B3-70C689AC374B}.Release|Any CPU.Build.0 = Release|Any CPU
		{E5C1AC3E-2972-4FF2-A1B3-70C689AC374B}.Release|Any CPU.Deploy.0 = Release|Any CPU
	EndGlobalSection
	GlobalSection(SolutionProperties) = preSolution
		HideSolutionNode = FALSE
	EndGlobalSection
	GlobalSection(ExtensibilityGlobals) = postSolution
		SolutionGuid = {71D506A9-3B41-4C09-B517-53EAB5930E18}
	EndGlobalSection
EndGlobal
